
Microsoft Visual Studio Solution File, Format Version 12.00
# Visual Studio Version 17
VisualStudioVersion = 17.1.32210.238
MinimumVisualStudioVersion = 10.0.40219.1
Project("{FAE04EC0-301F-11D3-BF4B-00C04F79EFBC}") = "KalapacsConsole", "KalapacsConsole\KalapacsConsole.csproj", "{CA6CF07B-6912-4587-A460-E46B7CC2C29A}"
EndProject
Project("{2150E333-8FDC-42A3-9474-1A3956D46DE8}") = "res", "res", "{FCD1DCD1-AFB6-42F3-9F08-8ECB20BB76F7}"
	ProjectSection(SolutionItems) = preProject
		\\pdc\Diakkaptar\Juhász Zoltán\03_2021 - 2022\14SZESZ\KALAPACSVETES\KALAPACSVETES.pdf = \\pdc\Diakkaptar\Juhász Zoltán\03_2021 - 2022\14SZESZ\KALAPACSVETES\KALAPACSVETES.pdf
		\\pdc\Diakkaptar\Juhász Zoltán\03_2021 - 2022\14SZESZ\KALAPACSVETES\képek_súgó.txt = \\pdc\Diakkaptar\Juhász Zoltán\03_2021 - 2022\14SZESZ\KALAPACSVETES\képek_súgó.txt
	EndProjectSection
EndProject
Project("{FAE04EC0-301F-11D3-BF4B-00C04F79EFBC}") = "KalapacsForm", "KalapacsForm\KalapacsForm.csproj", "{56CB0E19-4163-45BA-9C7C-F134D57873F6}"
EndProject
Global
	GlobalSection(SolutionConfigurationPlatforms) = preSolution
		Debug|Any CPU = Debug|Any CPU
		Release|Any CPU = Release|Any CPU
	EndGlobalSection
	GlobalSection(ProjectConfigurationPlatforms) = postSolution
		{CA6CF07B-6912-4587-A460-E46B7CC2C29A}.Debug|Any CPU.ActiveCfg = Debug|Any CPU
		{CA6CF07B-6912-4587-A460-E46B7CC2C29A}.Debug|Any CPU.Build.0 = Debug|Any CPU
		{CA6CF07B-6912-4587-A460-E46B7CC2C29A}.Release|Any CPU.ActiveCfg = Release|Any CPU
		{CA6CF07B-6912-4587-A460-E46B7CC2C29A}.Release|Any CPU.Build.0 = Release|Any CPU
		{56CB0E19-4163-45BA-9C7C-F134D57873F6}.Debug|Any CPU.ActiveCfg = Debug|Any CPU
		{56CB0E19-4163-45BA-9C7C-F134D57873F6}.Debug|Any CPU.Build.0 = Debug|Any CPU
		{56CB0E19-4163-45BA-9C7C-F134D57873F6}.Release|Any CPU.ActiveCfg = Release|Any CPU
		{56CB0E19-4163-45BA-9C7C-F134D57873F6}.Release|Any CPU.Build.0 = Release|Any CPU
	EndGlobalSection
	GlobalSection(SolutionProperties) = preSolution
		HideSolutionNode = FALSE
	EndGlobalSection
	GlobalSection(ExtensibilityGlobals) = postSolution
		SolutionGuid = {A0216A54-ABFA-4D00-9264-985C459B056C}
	EndGlobalSection
EndGlobal
